
Microsoft Visual Studio Solution File, Format Version 12.00
# Visual Studio 15
VisualStudioVersion = 15.0.28010.2041
MinimumVisualStudioVersion = 10.0.40219.1
Project("{FAE04EC0-301F-11D3-BF4B-00C04F79EFBC}") = "Prime Ministers Game", "Prime Ministers Game\Prime Ministers Game.csproj", "{87BD6D17-966D-4B6C-AA06-A3A6E91D809B}"
EndProject
Global
	GlobalSection(SolutionConfigurationPlatforms) = preSolution
		Debug|Any CPU = Debug|Any CPU
		Release|Any CPU = Release|Any CPU
	EndGlobalSection
	GlobalSection(ProjectConfigurationPlatforms) = postSolution
		{87BD6D17-966D-4B6C-AA06-A3A6E91D809B}.Debug|Any CPU.ActiveCfg = Debug|Any CPU
		{87BD6D17-966D-4B6C-AA06-A3A6E91D809B}.Debug|Any CPU.Build.0 = Debug|Any CPU
		{87BD6D17-966D-4B6C-AA06-A3A6E91D809B}.Release|Any CPU.ActiveCfg = Release|Any CPU
		{87BD6D17-966D-4B6C-AA06-A3A6E91D809B}.Release|Any CPU.Build.0 = Release|Any CPU
	EndGlobalSection
	GlobalSection(SolutionProperties) = preSolution
		HideSolutionNode = FALSE
	EndGlobalSection
	GlobalSection(ExtensibilityGlobals) = postSolution
		SolutionGuid = {A738B754-4B28-455D-B529-9C67E36C8471}
	EndGlobalSection
EndGlobal
